
Microsoft Visual Studio Solution File, Format Version 12.00
# Visual Studio 2013
VisualStudioVersion = 12.0.30723.0
MinimumVisualStudioVersion = 10.0.40219.1
Project("{E24C65DC-7377-472B-9ABA-BC803B73C61A}") = "W88.redirect", "http://localhost:63491", "{81577C2B-0A91-4DDF-8AF1-F23F23548791}"
	ProjectSection(WebsiteProperties) = preProject
		UseIISExpress = "true"
		TargetFrameworkMoniker = ".NETFramework,Version%3Dv4.5"
		Debug.AspNetCompiler.VirtualPath = "/localhost_63476"
		Debug.AspNetCompiler.PhysicalPath = "W88.redirect\"
		Debug.AspNetCompiler.TargetPath = "PrecompiledWeb\localhost_63476\"
		Debug.AspNetCompiler.Updateable = "true"
		Debug.AspNetCompiler.ForceOverwrite = "true"
		Debug.AspNetCompiler.FixedNames = "false"
		Debug.AspNetCompiler.Debug = "True"
		Release.AspNetCompiler.VirtualPath = "/localhost_63476"
		Release.AspNetCompiler.PhysicalPath = "W88.redirect\"
		Release.AspNetCompiler.TargetPath = "PrecompiledWeb\localhost_63476\"
		Release.AspNetCompiler.Updateable = "true"
		Release.AspNetCompiler.ForceOverwrite = "true"
		Release.AspNetCompiler.FixedNames = "false"
		Release.AspNetCompiler.Debug = "False"
		SlnRelativePath = "W88.redirect\"
		DefaultWebSiteLanguage = "Visual C#"
	EndProjectSection
EndProject
Project("{E24C65DC-7377-472B-9ABA-BC803B73C61A}") = "W88.wap", "http://localhost:61723", "{4254F153-D2FB-49C2-852C-C9F990A14027}"
	ProjectSection(WebsiteProperties) = preProject
		UseIISExpress = "true"
		TargetFrameworkMoniker = ".NETFramework,Version%3Dv4.5"
		Debug.AspNetCompiler.VirtualPath = "/W88.wap"
		Debug.AspNetCompiler.PhysicalPath = "W88.wap\"
		Debug.AspNetCompiler.TargetPath = "PrecompiledWeb\W88.wap\"
		Debug.AspNetCompiler.Updateable = "true"
		Debug.AspNetCompiler.ForceOverwrite = "true"
		Debug.AspNetCompiler.FixedNames = "false"
		Debug.AspNetCompiler.Debug = "True"
		Release.AspNetCompiler.VirtualPath = "/W88.wap"
		Release.AspNetCompiler.PhysicalPath = "W88.wap\"
		Release.AspNetCompiler.TargetPath = "PrecompiledWeb\W88.wap\"
		Release.AspNetCompiler.Updateable = "true"
		Release.AspNetCompiler.ForceOverwrite = "true"
		Release.AspNetCompiler.FixedNames = "false"
		Release.AspNetCompiler.Debug = "False"
		SlnRelativePath = "W88.wap\"
		DefaultWebSiteLanguage = "Visual C#"
	EndProjectSection
EndProject
Project("{E24C65DC-7377-472B-9ABA-BC803B73C61A}") = "W88.m", "http://localhost:50147", "{1CA257BC-0FA2-472B-8728-D23C854C1E62}"
	ProjectSection(WebsiteProperties) = preProject
		UseIISExpress = "true"
		TargetFrameworkMoniker = ".NETFramework,Version%3Dv4.5"
		Debug.AspNetCompiler.VirtualPath = "/W88.m"
		Debug.AspNetCompiler.PhysicalPath = "W88.m\"
		Debug.AspNetCompiler.TargetPath = "PrecompiledWeb\W88.m\"
		Debug.AspNetCompiler.Updateable = "true"
		Debug.AspNetCompiler.ForceOverwrite = "true"
		Debug.AspNetCompiler.FixedNames = "true"
		Debug.AspNetCompiler.Debug = "True"
		Release.AspNetCompiler.VirtualPath = "/W88.m"
		Release.AspNetCompiler.PhysicalPath = "W88.m\"
		Release.AspNetCompiler.TargetPath = "PrecompiledWeb\W88.m\"
		Release.AspNetCompiler.Updateable = "true"
		Release.AspNetCompiler.ForceOverwrite = "true"
		Release.AspNetCompiler.FixedNames = "true"
		Release.AspNetCompiler.Debug = "False"
		SlnRelativePath = "W88.m\"
	EndProjectSection
EndProject
Project("{E24C65DC-7377-472B-9ABA-BC803B73C61A}") = "W88.slots", "http://localhost:53698", "{98249ABC-5682-4C86-A9FC-7B3F59C0DA19}"
	ProjectSection(WebsiteProperties) = preProject
		UseIISExpress = "true"
		TargetFrameworkMoniker = ".NETFramework,Version%3Dv4.5"
		Debug.AspNetCompiler.VirtualPath = "/W88.slots"
		Debug.AspNetCompiler.PhysicalPath = "W88.slots\"
		Debug.AspNetCompiler.TargetPath = "PrecompiledWeb\W88.slots\"
		Debug.AspNetCompiler.Updateable = "true"
		Debug.AspNetCompiler.ForceOverwrite = "true"
		Debug.AspNetCompiler.FixedNames = "true"
		Debug.AspNetCompiler.Debug = "True"
		Release.AspNetCompiler.VirtualPath = "/W88.slots"
		Release.AspNetCompiler.PhysicalPath = "W88.slots\"
		Release.AspNetCompiler.TargetPath = "PrecompiledWeb\W88.slots\"
		Release.AspNetCompiler.Updateable = "true"
		Release.AspNetCompiler.ForceOverwrite = "true"
		Release.AspNetCompiler.FixedNames = "true"
		Release.AspNetCompiler.Debug = "False"
		SlnRelativePath = "W88.slots\"
		DefaultWebSiteLanguage = "Visual C#"
	EndProjectSection
EndProject
Project("{E24C65DC-7377-472B-9ABA-BC803B73C61A}") = "W88.rewards", "http://localhost:58144", "{50CE0BC3-2B00-4427-95D6-40B4893A4565}"
	ProjectSection(WebsiteProperties) = preProject
		UseIISExpress = "true"
		TargetFrameworkMoniker = ".NETFramework,Version%3Dv4.5"
		Debug.AspNetCompiler.VirtualPath = "/W88.rewards"
		Debug.AspNetCompiler.PhysicalPath = "W88.rewards\"
		Debug.AspNetCompiler.TargetPath = "PrecompiledWeb\W88.rewards\"
		Debug.AspNetCompiler.Updateable = "true"
		Debug.AspNetCompiler.ForceOverwrite = "true"
		Debug.AspNetCompiler.FixedNames = "false"
		Debug.AspNetCompiler.Debug = "True"
		Release.AspNetCompiler.VirtualPath = "/W88.rewards"
		Release.AspNetCompiler.PhysicalPath = "W88.rewards\"
		Release.AspNetCompiler.TargetPath = "PrecompiledWeb\W88.rewards\"
		Release.AspNetCompiler.Updateable = "true"
		Release.AspNetCompiler.ForceOverwrite = "true"
		Release.AspNetCompiler.FixedNames = "false"
		Release.AspNetCompiler.Debug = "False"
		SlnRelativePath = "W88.rewards\"
		DefaultWebSiteLanguage = "Visual C#"
	EndProjectSection
EndProject
Project("{E24C65DC-7377-472B-9ABA-BC803B73C61A}") = "W88.affiliate", "http://localhost:58162", "{28345140-2059-4379-9894-9B757E214642}"
	ProjectSection(WebsiteProperties) = preProject
		UseIISExpress = "true"
		TargetFrameworkMoniker = ".NETFramework,Version%3Dv4.5"
		Debug.AspNetCompiler.VirtualPath = "/W88.affiliate"
		Debug.AspNetCompiler.PhysicalPath = "W88.affiliate\"
		Debug.AspNetCompiler.TargetPath = "PrecompiledWeb\W88.affiliate\"
		Debug.AspNetCompiler.Updateable = "true"
		Debug.AspNetCompiler.ForceOverwrite = "true"
		Debug.AspNetCompiler.FixedNames = "false"
		Debug.AspNetCompiler.Debug = "True"
		Release.AspNetCompiler.VirtualPath = "/W88.affiliate"
		Release.AspNetCompiler.PhysicalPath = "W88.affiliate\"
		Release.AspNetCompiler.TargetPath = "PrecompiledWeb\W88.affiliate\"
		Release.AspNetCompiler.Updateable = "true"
		Release.AspNetCompiler.ForceOverwrite = "true"
		Release.AspNetCompiler.FixedNames = "false"
		Release.AspNetCompiler.Debug = "False"
		SlnRelativePath = "W88.affiliate\"
		DefaultWebSiteLanguage = "Visual C#"
	EndProjectSection
EndProject
Project("{FAE04EC0-301F-11D3-BF4B-00C04F79EFBC}") = "W88Mobile.GameXmlGenerator", "W88Mobile.GameXmlGenerator\W88Mobile.GameXmlGenerator.csproj", "{4C8FE92A-F800-4D31-9C26-8AC95F8F7E83}"
EndProject
Global
	GlobalSection(SolutionConfigurationPlatforms) = preSolution
		Debug|Any CPU = Debug|Any CPU
		Release|Any CPU = Release|Any CPU
	EndGlobalSection
	GlobalSection(ProjectConfigurationPlatforms) = postSolution
		{81577C2B-0A91-4DDF-8AF1-F23F23548791}.Debug|Any CPU.ActiveCfg = Debug|Any CPU
		{81577C2B-0A91-4DDF-8AF1-F23F23548791}.Release|Any CPU.ActiveCfg = Debug|Any CPU
		{81577C2B-0A91-4DDF-8AF1-F23F23548791}.Release|Any CPU.Build.0 = Debug|Any CPU
		{4254F153-D2FB-49C2-852C-C9F990A14027}.Debug|Any CPU.ActiveCfg = Debug|Any CPU
		{4254F153-D2FB-49C2-852C-C9F990A14027}.Release|Any CPU.ActiveCfg = Debug|Any CPU
		{4254F153-D2FB-49C2-852C-C9F990A14027}.Release|Any CPU.Build.0 = Debug|Any CPU
		{1CA257BC-0FA2-472B-8728-D23C854C1E62}.Debug|Any CPU.ActiveCfg = Debug|Any CPU
		{1CA257BC-0FA2-472B-8728-D23C854C1E62}.Debug|Any CPU.Build.0 = Debug|Any CPU
		{1CA257BC-0FA2-472B-8728-D23C854C1E62}.Release|Any CPU.ActiveCfg = Debug|Any CPU
		{1CA257BC-0FA2-472B-8728-D23C854C1E62}.Release|Any CPU.Build.0 = Debug|Any CPU
		{98249ABC-5682-4C86-A9FC-7B3F59C0DA19}.Debug|Any CPU.ActiveCfg = Debug|Any CPU
		{98249ABC-5682-4C86-A9FC-7B3F59C0DA19}.Release|Any CPU.ActiveCfg = Debug|Any CPU
		{98249ABC-5682-4C86-A9FC-7B3F59C0DA19}.Release|Any CPU.Build.0 = Debug|Any CPU
		{50CE0BC3-2B00-4427-95D6-40B4893A4565}.Debug|Any CPU.ActiveCfg = Debug|Any CPU
		{50CE0BC3-2B00-4427-95D6-40B4893A4565}.Release|Any CPU.ActiveCfg = Debug|Any CPU
		{50CE0BC3-2B00-4427-95D6-40B4893A4565}.Release|Any CPU.Build.0 = Debug|Any CPU
		{28345140-2059-4379-9894-9B757E214642}.Debug|Any CPU.ActiveCfg = Debug|Any CPU
		{28345140-2059-4379-9894-9B757E214642}.Release|Any CPU.ActiveCfg = Debug|Any CPU
		{28345140-2059-4379-9894-9B757E214642}.Release|Any CPU.Build.0 = Debug|Any CPU
		{4C8FE92A-F800-4D31-9C26-8AC95F8F7E83}.Debug|Any CPU.ActiveCfg = Debug|Any CPU
		{4C8FE92A-F800-4D31-9C26-8AC95F8F7E83}.Debug|Any CPU.Build.0 = Debug|Any CPU
		{4C8FE92A-F800-4D31-9C26-8AC95F8F7E83}.Release|Any CPU.ActiveCfg = Release|Any CPU
		{4C8FE92A-F800-4D31-9C26-8AC95F8F7E83}.Release|Any CPU.Build.0 = Release|Any CPU
	EndGlobalSection
	GlobalSection(SolutionProperties) = preSolution
		HideSolutionNode = FALSE
	EndGlobalSection
EndGlobal
